PODS:
  - MagicalRecord (2.3.2):
    - MagicalRecord/Core (= 2.3.2)
  - MagicalRecord/Core (2.3.2)

DEPENDENCIES:
  - MagicalRecord (~> 2.3.2)

SPEC REPOS:
  https://github.com/cocoapods/specs.git:
    - MagicalRecord

SPEC CHECKSUMS:
  MagicalRecord: 53bed74b4323b930992a725be713e53b37d19755

PODFILE CHECKSUM: a31d924857b0edbb16a604919f1916cf08e2b1f7

COCOAPODS: 1.6.0.beta.2
